
Microsoft Visual Studio Solution File, Format Version 12.00
# Visual Studio Version 17
VisualStudioVersion = 17.2.32602.215
MinimumVisualStudioVersion = 10.0.40219.1
Project("{9A19103F-16F7-4668-BE54-9A1E7A4F7556}") = "Avia-kasi", "Avia-kasi\Avia-kasi.csproj", "{7753F2F0-C013-439B-BF2E-F59F126288A2}"
EndProject
Global
	GlobalSection(SolutionConfigurationPlatforms) = preSolution
		Debug|Any CPU = Debug|Any CPU
		Release|Any CPU = Release|Any CPU
	EndGlobalSection
	GlobalSection(ProjectConfigurationPlatforms) = postSolution
		{7753F2F0-C013-439B-BF2E-F59F126288A2}.Debug|Any CPU.ActiveCfg = Debug|Any CPU
		{7753F2F0-C013-439B-BF2E-F59F126288A2}.Debug|Any CPU.Build.0 = Debug|Any CPU
		{7753F2F0-C013-439B-BF2E-F59F126288A2}.Release|Any CPU.ActiveCfg = Release|Any CPU
		{7753F2F0-C013-439B-BF2E-F59F126288A2}.Release|Any CPU.Build.0 = Release|Any CPU
	EndGlobalSection
	GlobalSection(SolutionProperties) = preSolution
		HideSolutionNode = FALSE
	EndGlobalSection
	GlobalSection(ExtensibilityGlobals) = postSolution
		SolutionGuid = {DC8A307C-8D5D-43C7-A445-9D0A66509F6E}
	EndGlobalSection
EndGlobal
